{
  "name": "@intelligence/collector-gateway-testbench",
  "version": "0.1.0",
  "lockfileVersion": 3,
  "requires": true,
  "packages": {
    "": {
      "name": "@intelligence/collector-gateway-testbench",
      "version": "0.1.0",
      "dependencies": {
        "@intelligence/collector-client": "file:../../poc/collector-client"
      },
      "engines": {
        "node": ">=22"
      }
    },
    "../../poc/collector-client": {
      "name": "@intelligence/collector-client",
      "version": "0.1.0",
      "engines": {
        "node": ">=22"
      }
    },
    "node_modules/@intelligence/collector-client": {
      "resolved": "../../poc/collector-client",
      "link": true
    }
  }
}
