{
  "name": "browserwing-chinese-intelligence-poc",
  "version": "0.1.0",
  "lockfileVersion": 3,
  "requires": true,
  "packages": {
    "": {
      "name": "browserwing-chinese-intelligence-poc",
      "version": "0.1.0",
      "dependencies": {
        "browserwing": "1.1.1-beta.1"
      }
    },
    "node_modules/browserwing": {
      "version": "1.1.1-beta.1",
      "resolved": "https://registry.npmmirror.com/browserwing/-/browserwing-1.1.1-beta.1.tgz",
      "integrity": "sha512-eY80Qh2N2dIxyehZKpnY4SNuMGUgi9FyJH18w4o5CIXKsaUUr9D9/igCYy+UfneUhycPFoHKIQQU6ItJJIF7xg==",
      "cpu": [
        "x64",
        "arm64"
      ],
      "hasInstallScript": true,
      "license": "MIT",
      "os": [
        "darwin",
        "linux",
        "win32"
      ],
      "bin": {
        "browserwing": "bin/browserwing"
      },
      "engines": {
        "node": ">=14.0.0"
      }
    }
  }
}
